
Microsoft Visual Studio Solution File, Format Version 12.00
# Visual Studio 2012
Project("{FAE04EC0-301F-11D3-BF4B-00C04F79EFBC}") = "ServerAndClient", "ServerAndClient\ServerAndClient.csproj", "{81D46B9A-01BA-408A-9721-AB4E127B3FBD}"
EndProject
Project("{FAE04EC0-301F-11D3-BF4B-00C04F79EFBC}") = "Client", "Client\Client.csproj", "{4A91A54A-3E3F-4EE2-AF7B-FF28D7C4C73C}"
EndProject
Global
	GlobalSection(SolutionConfigurationPlatforms) = preSolution
		Debug|Any CPU = Debug|Any CPU
		Release|Any CPU = Release|Any CPU
	EndGlobalSection
	GlobalSection(ProjectConfigurationPlatforms) = postSolution
		{81D46B9A-01BA-408A-9721-AB4E127B3FBD}.Debug|Any CPU.ActiveCfg = Debug|Any CPU
		{81D46B9A-01BA-408A-9721-AB4E127B3FBD}.Debug|Any CPU.Build.0 = Debug|Any CPU
		{81D46B9A-01BA-408A-9721-AB4E127B3FBD}.Release|Any CPU.ActiveCfg = Release|Any CPU
		{81D46B9A-01BA-408A-9721-AB4E127B3FBD}.Release|Any CPU.Build.0 = Release|Any CPU
		{4A91A54A-3E3F-4EE2-AF7B-FF28D7C4C73C}.Debug|Any CPU.ActiveCfg = Debug|Any CPU
		{4A91A54A-3E3F-4EE2-AF7B-FF28D7C4C73C}.Debug|Any CPU.Build.0 = Debug|Any CPU
		{4A91A54A-3E3F-4EE2-AF7B-FF28D7C4C73C}.Release|Any CPU.ActiveCfg = Release|Any CPU
		{4A91A54A-3E3F-4EE2-AF7B-FF28D7C4C73C}.Release|Any CPU.Build.0 = Release|Any CPU
	EndGlobalSection
	GlobalSection(SolutionProperties) = preSolution
		HideSolutionNode = FALSE
	EndGlobalSection
EndGlobal
